PODS:
  - Flutter (1.0.0)
  - sensitive_content (0.0.1):
    - Flutter

DEPENDENCIES:
  - Flutter (from `Flutter`)
  - sensitive_content (from `.symlinks/plugins/sensitive_content/ios`)

EXTERNAL SOURCES:
  Flutter:
    :path: Flutter
  sensitive_content:
    :path: ".symlinks/plugins/sensitive_content/ios"

SPEC CHECKSUMS:
  Flutter: 0e3d915762c693b495b44d77113d4970485de6ec
  sensitive_content: a05f6924b02071916471567826b5f1229e7b1a7e

PODFILE CHECKSUM: 1b66dae606f75376c5f2135a8290850eeb09ae83

COCOAPODS: 1.8.4
